
Microsoft Visual Studio Solution File, Format Version 12.00
# Visual Studio 14
VisualStudioVersion = 14.0.25420.1
MinimumVisualStudioVersion = 10.0.40219.1
Project("{FAE04EC0-301F-11D3-BF4B-00C04F79EFBC}") = "Presentacion", "Presentacion\Presentacion.csproj", "{F6836D00-7406-43D0-8B4C-3E4B3D9C06DD}"
EndProject
Project("{FAE04EC0-301F-11D3-BF4B-00C04F79EFBC}") = "Data", "Data\Data.csproj", "{07C900C4-7C34-4B74-AC30-5BB34693C256}"
EndProject
Project("{FAE04EC0-301F-11D3-BF4B-00C04F79EFBC}") = "Negocios", "Negocios\Negocios.csproj", "{FA6E21AC-63D8-4E98-8832-66EDAB3BDE91}"
EndProject
Project("{FAE04EC0-301F-11D3-BF4B-00C04F79EFBC}") = "Entidade", "Entidade\Entidade.csproj", "{516E7FB7-0F42-43AC-96F4-9048F9147D18}"
EndProject
Global
	GlobalSection(SolutionConfigurationPlatforms) = preSolution
		Debug|Any CPU = Debug|Any CPU
		Release|Any CPU = Release|Any CPU
	EndGlobalSection
	GlobalSection(ProjectConfigurationPlatforms) = postSolution
		{F6836D00-7406-43D0-8B4C-3E4B3D9C06DD}.Debug|Any CPU.ActiveCfg = Debug|Any CPU
		{F6836D00-7406-43D0-8B4C-3E4B3D9C06DD}.Debug|Any CPU.Build.0 = Debug|Any CPU
		{F6836D00-7406-43D0-8B4C-3E4B3D9C06DD}.Release|Any CPU.ActiveCfg = Release|Any CPU
		{F6836D00-7406-43D0-8B4C-3E4B3D9C06DD}.Release|Any CPU.Build.0 = Release|Any CPU
		{07C900C4-7C34-4B74-AC30-5BB34693C256}.Debug|Any CPU.ActiveCfg = Debug|Any CPU
		{07C900C4-7C34-4B74-AC30-5BB34693C256}.Debug|Any CPU.Build.0 = Debug|Any CPU
		{07C900C4-7C34-4B74-AC30-5BB34693C256}.Release|Any CPU.ActiveCfg = Release|Any CPU
		{07C900C4-7C34-4B74-AC30-5BB34693C256}.Release|Any CPU.Build.0 = Release|Any CPU
		{FA6E21AC-63D8-4E98-8832-66EDAB3BDE91}.Debug|Any CPU.ActiveCfg = Debug|Any CPU
		{FA6E21AC-63D8-4E98-8832-66EDAB3BDE91}.Debug|Any CPU.Build.0 = Debug|Any CPU
		{FA6E21AC-63D8-4E98-8832-66EDAB3BDE91}.Release|Any CPU.ActiveCfg = Release|Any CPU
		{FA6E21AC-63D8-4E98-8832-66EDAB3BDE91}.Release|Any CPU.Build.0 = Release|Any CPU
		{516E7FB7-0F42-43AC-96F4-9048F9147D18}.Debug|Any CPU.ActiveCfg = Debug|Any CPU
		{516E7FB7-0F42-43AC-96F4-9048F9147D18}.Debug|Any CPU.Build.0 = Debug|Any CPU
		{516E7FB7-0F42-43AC-96F4-9048F9147D18}.Release|Any CPU.ActiveCfg = Release|Any CPU
		{516E7FB7-0F42-43AC-96F4-9048F9147D18}.Release|Any CPU.Build.0 = Release|Any CPU
	EndGlobalSection
	GlobalSection(SolutionProperties) = preSolution
		HideSolutionNode = FALSE
	EndGlobalSection
EndGlobal
